
Microsoft Visual Studio Solution File, Format Version 12.00
# Visual Studio Version 17
VisualStudioVersion = 17.0.31903.59
MinimumVisualStudioVersion = 10.0.40219.1
Project("{2150E333-8FDC-42A3-9474-1A3956D46DE8}") = "src", "src", "{827E0CD3-B72D-47B6-A68D-7590B98EB39B}"
EndProject
Project("{FAE04EC0-301F-11D3-BF4B-00C04F79EFBC}") = "Md3.Avalonia", "src\Md3.Avalonia\Md3.Avalonia.csproj", "{0096730E-6FFA-4645-A9D2-2A879409BAA1}"
EndProject
Project("{2150E333-8FDC-42A3-9474-1A3956D46DE8}") = "gallery", "gallery", "{3DD3B10C-2DE9-B2B9-1F65-9DB874E2084B}"
EndProject
Project("{FAE04EC0-301F-11D3-BF4B-00C04F79EFBC}") = "Md3.Avalonia.Gallery", "gallery\Md3.Avalonia.Gallery\Md3.Avalonia.Gallery.csproj", "{C2DFFDDB-03C1-4352-B084-CA158168E859}"
EndProject
Project("{2150E333-8FDC-42A3-9474-1A3956D46DE8}") = "tests", "tests", "{0AB3BF05-4346-4AA6-1389-037BE0695223}"
EndProject
Project("{FAE04EC0-301F-11D3-BF4B-00C04F79EFBC}") = "Md3.Avalonia.HeadlessTests", "tests\Md3.Avalonia.HeadlessTests\Md3.Avalonia.HeadlessTests.csproj", "{CC6188EF-DFE3-4F2D-AAD8-22E78F47319D}"
EndProject
Project("{FAE04EC0-301F-11D3-BF4B-00C04F79EFBC}") = "Md3.Avalonia.Icons", "src\Md3.Avalonia.Icons\Md3.Avalonia.Icons.csproj", "{339728F8-3B14-4550-9303-49C8A73D7DA7}"
EndProject
Project("{FAE04EC0-301F-11D3-BF4B-00C04F79EFBC}") = "Md3.Avalonia.Ecosystem", "src\Md3.Avalonia.Ecosystem\Md3.Avalonia.Ecosystem.csproj", "{247044DF-FA5C-4AD9-9BB1-86C104C6663D}"
EndProject
Global
	GlobalSection(SolutionConfigurationPlatforms) = preSolution
		Debug|Any CPU = Debug|Any CPU
		Debug|x64 = Debug|x64
		Debug|x86 = Debug|x86
		Release|Any CPU = Release|Any CPU
		Release|x64 = Release|x64
		Release|x86 = Release|x86
	EndGlobalSection
	GlobalSection(ProjectConfigurationPlatforms) = postSolution
		{0096730E-6FFA-4645-A9D2-2A879409BAA1}.Debug|Any CPU.ActiveCfg = Debug|Any CPU
		{0096730E-6FFA-4645-A9D2-2A879409BAA1}.Debug|Any CPU.Build.0 = Debug|Any CPU
		{0096730E-6FFA-4645-A9D2-2A879409BAA1}.Debug|x64.ActiveCfg = Debug|Any CPU
		{0096730E-6FFA-4645-A9D2-2A879409BAA1}.Debug|x64.Build.0 = Debug|Any CPU
		{0096730E-6FFA-4645-A9D2-2A879409BAA1}.Debug|x86.ActiveCfg = Debug|Any CPU
		{0096730E-6FFA-4645-A9D2-2A879409BAA1}.Debug|x86.Build.0 = Debug|Any CPU
		{0096730E-6FFA-4645-A9D2-2A879409BAA1}.Release|Any CPU.ActiveCfg = Release|Any CPU
		{0096730E-6FFA-4645-A9D2-2A879409BAA1}.Release|Any CPU.Build.0 = Release|Any CPU
		{0096730E-6FFA-4645-A9D2-2A879409BAA1}.Release|x64.ActiveCfg = Release|Any CPU
		{0096730E-6FFA-4645-A9D2-2A879409BAA1}.Release|x64.Build.0 = Release|Any CPU
		{0096730E-6FFA-4645-A9D2-2A879409BAA1}.Release|x86.ActiveCfg = Release|Any CPU
		{0096730E-6FFA-4645-A9D2-2A879409BAA1}.Release|x86.Build.0 = Release|Any CPU
		{C2DFFDDB-03C1-4352-B084-CA158168E859}.Debug|Any CPU.ActiveCfg = Debug|Any CPU
		{C2DFFDDB-03C1-4352-B084-CA158168E859}.Debug|Any CPU.Build.0 = Debug|Any CPU
		{C2DFFDDB-03C1-4352-B084-CA158168E859}.Debug|x64.ActiveCfg = Debug|Any CPU
		{C2DFFDDB-03C1-4352-B084-CA158168E859}.Debug|x64.Build.0 = Debug|Any CPU
		{C2DFFDDB-03C1-4352-B084-CA158168E859}.Debug|x86.ActiveCfg = Debug|Any CPU
		{C2DFFDDB-03C1-4352-B084-CA158168E859}.Debug|x86.Build.0 = Debug|Any CPU
		{C2DFFDDB-03C1-4352-B084-CA158168E859}.Release|Any CPU.ActiveCfg = Release|Any CPU
		{C2DFFDDB-03C1-4352-B084-CA158168E859}.Release|Any CPU.Build.0 = Release|Any CPU
		{C2DFFDDB-03C1-4352-B084-CA158168E859}.Release|x64.ActiveCfg = Release|Any CPU
		{C2DFFDDB-03C1-4352-B084-CA158168E859}.Release|x64.Build.0 = Release|Any CPU
		{C2DFFDDB-03C1-4352-B084-CA158168E859}.Release|x86.ActiveCfg = Release|Any CPU
		{C2DFFDDB-03C1-4352-B084-CA158168E859}.Release|x86.Build.0 = Release|Any CPU
		{CC6188EF-DFE3-4F2D-AAD8-22E78F47319D}.Debug|Any CPU.ActiveCfg = Debug|Any CPU
		{CC6188EF-DFE3-4F2D-AAD8-22E78F47319D}.Debug|Any CPU.Build.0 = Debug|Any CPU
		{CC6188EF-DFE3-4F2D-AAD8-22E78F47319D}.Debug|x64.ActiveCfg = Debug|Any CPU
		{CC6188EF-DFE3-4F2D-AAD8-22E78F47319D}.Debug|x64.Build.0 = Debug|Any CPU
		{CC6188EF-DFE3-4F2D-AAD8-22E78F47319D}.Debug|x86.ActiveCfg = Debug|Any CPU
		{CC6188EF-DFE3-4F2D-AAD8-22E78F47319D}.Debug|x86.Build.0 = Debug|Any CPU
		{CC6188EF-DFE3-4F2D-AAD8-22E78F47319D}.Release|Any CPU.ActiveCfg = Release|Any CPU
		{CC6188EF-DFE3-4F2D-AAD8-22E78F47319D}.Release|Any CPU.Build.0 = Release|Any CPU
		{CC6188EF-DFE3-4F2D-AAD8-22E78F47319D}.Release|x64.ActiveCfg = Release|Any CPU
		{CC6188EF-DFE3-4F2D-AAD8-22E78F47319D}.Release|x64.Build.0 = Release|Any CPU
		{CC6188EF-DFE3-4F2D-AAD8-22E78F47319D}.Release|x86.ActiveCfg = Release|Any CPU
		{CC6188EF-DFE3-4F2D-AAD8-22E78F47319D}.Release|x86.Build.0 = Release|Any CPU
		{339728F8-3B14-4550-9303-49C8A73D7DA7}.Debug|Any CPU.ActiveCfg = Debug|Any CPU
		{339728F8-3B14-4550-9303-49C8A73D7DA7}.Debug|Any CPU.Build.0 = Debug|Any CPU
		{339728F8-3B14-4550-9303-49C8A73D7DA7}.Debug|x64.ActiveCfg = Debug|Any CPU
		{339728F8-3B14-4550-9303-49C8A73D7DA7}.Debug|x64.Build.0 = Debug|Any CPU
		{339728F8-3B14-4550-9303-49C8A73D7DA7}.Debug|x86.ActiveCfg = Debug|Any CPU
		{339728F8-3B14-4550-9303-49C8A73D7DA7}.Debug|x86.Build.0 = Debug|Any CPU
		{339728F8-3B14-4550-9303-49C8A73D7DA7}.Release|Any CPU.ActiveCfg = Release|Any CPU
		{339728F8-3B14-4550-9303-49C8A73D7DA7}.Release|Any CPU.Build.0 = Release|Any CPU
		{339728F8-3B14-4550-9303-49C8A73D7DA7}.Release|x64.ActiveCfg = Release|Any CPU
		{339728F8-3B14-4550-9303-49C8A73D7DA7}.Release|x64.Build.0 = Release|Any CPU
		{339728F8-3B14-4550-9303-49C8A73D7DA7}.Release|x86.ActiveCfg = Release|Any CPU
		{339728F8-3B14-4550-9303-49C8A73D7DA7}.Release|x86.Build.0 = Release|Any CPU
		{247044DF-FA5C-4AD9-9BB1-86C104C6663D}.Debug|Any CPU.ActiveCfg = Debug|Any CPU
		{247044DF-FA5C-4AD9-9BB1-86C104C6663D}.Debug|Any CPU.Build.0 = Debug|Any CPU
		{247044DF-FA5C-4AD9-9BB1-86C104C6663D}.Debug|x64.ActiveCfg = Debug|Any CPU
		{247044DF-FA5C-4AD9-9BB1-86C104C6663D}.Debug|x64.Build.0 = Debug|Any CPU
		{247044DF-FA5C-4AD9-9BB1-86C104C6663D}.Debug|x86.ActiveCfg = Debug|Any CPU
		{247044DF-FA5C-4AD9-9BB1-86C104C6663D}.Debug|x86.Build.0 = Debug|Any CPU
		{247044DF-FA5C-4AD9-9BB1-86C104C6663D}.Release|Any CPU.ActiveCfg = Release|Any CPU
		{247044DF-FA5C-4AD9-9BB1-86C104C6663D}.Release|Any CPU.Build.0 = Release|Any CPU
		{247044DF-FA5C-4AD9-9BB1-86C104C6663D}.Release|x64.ActiveCfg = Release|Any CPU
		{247044DF-FA5C-4AD9-9BB1-86C104C6663D}.Release|x64.Build.0 = Release|Any CPU
		{247044DF-FA5C-4AD9-9BB1-86C104C6663D}.Release|x86.ActiveCfg = Release|Any CPU
		{247044DF-FA5C-4AD9-9BB1-86C104C6663D}.Release|x86.Build.0 = Release|Any CPU
	EndGlobalSection
	GlobalSection(SolutionProperties) = preSolution
		HideSolutionNode = FALSE
	EndGlobalSection
	GlobalSection(NestedProjects) = preSolution
		{0096730E-6FFA-4645-A9D2-2A879409BAA1} = {827E0CD3-B72D-47B6-A68D-7590B98EB39B}
		{C2DFFDDB-03C1-4352-B084-CA158168E859} = {3DD3B10C-2DE9-B2B9-1F65-9DB874E2084B}
		{CC6188EF-DFE3-4F2D-AAD8-22E78F47319D} = {0AB3BF05-4346-4AA6-1389-037BE0695223}
		{339728F8-3B14-4550-9303-49C8A73D7DA7} = {827E0CD3-B72D-47B6-A68D-7590B98EB39B}
		{247044DF-FA5C-4AD9-9BB1-86C104C6663D} = {827E0CD3-B72D-47B6-A68D-7590B98EB39B}
	EndGlobalSection
EndGlobal
