Microsoft Visual Studio Solution File, Format Version 12.00
# Visual Studio Version 17
VisualStudioVersion = 17.0.31903.59
MinimumVisualStudioVersion = 10.0.40219.1
Project("{2150E333-8FDC-42A3-9474-1A3956D46DE8}") = "src", "src", "{827E0CD3-B72D-47B6-A68D-7590B98EB39B}"
EndProject
Project("{FAE04EC0-301F-11D3-BF4B-00C04F79EFBC}") = "Md3.Avalonia", "src\Md3.Avalonia\Md3.Avalonia.csproj", "{0096730E-6FFA-4645-A9D2-2A879409BAA1}"
EndProject
Project("{FAE04EC0-301F-11D3-BF4B-00C04F79EFBC}") = "Md3.Avalonia.Icons", "src\Md3.Avalonia.Icons\Md3.Avalonia.Icons.csproj", "{339728F8-3B14-4550-9303-49C8A73D7DA7}"
EndProject
Project("{FAE04EC0-301F-11D3-BF4B-00C04F79EFBC}") = "Md3.Avalonia.Icons.Lite", "src\Md3.Avalonia.Icons.Lite\Md3.Avalonia.Icons.Lite.csproj", "{779728F8-3B14-4550-9303-49C8A73D7DA8}"
EndProject
Project("{FAE04EC0-301F-11D3-BF4B-00C04F79EFBC}") = "Md3.Avalonia.Extra", "src\Md3.Avalonia.Extra\Md3.Avalonia.Extra.csproj", "{247044DF-FA5C-4AD9-9BB1-86C104C6663D}"
EndProject
Project("{FAE04EC0-301F-11D3-BF4B-00C04F79EFBC}") = "Md3.Avalonia.DataGrid", "src\\Md3.Avalonia.DataGrid\\Md3.Avalonia.DataGrid.csproj", "{7F2A1C64-9D3E-4B58-A6C1-55D0E8B4F912}"
EndProject
Project("{FAE04EC0-301F-11D3-BF4B-00C04F79EFBC}") = "Md3.Avalonia.RichEditor", "src\Md3.Avalonia.RichEditor\Md3.Avalonia.RichEditor.csproj", "{3C8E7A51-6B24-4D97-9E13-A84F2C60D5B7}"
EndProject
Project("{2150E333-8FDC-42A3-9474-1A3956D46DE8}") = "gallery", "gallery", "{3DD3B10C-2DE9-B2B9-1F65-9DB874E2084B}"
EndProject
Project("{FAE04EC0-301F-11D3-BF4B-00C04F79EFBC}") = "Md3.Avalonia.Gallery", "gallery\Md3.Avalonia.Gallery\Md3.Avalonia.Gallery.csproj", "{C2DFFDDB-03C1-4352-B084-CA158168E859}"
EndProject
Project("{FAE04EC0-301F-11D3-BF4B-00C04F79EFBC}") = "Md3.Avalonia.Gallery.Desktop", "gallery\Md3.Avalonia.Gallery.Desktop\Md3.Avalonia.Gallery.Desktop.csproj", "{D3DFFDDB-03C1-4352-B084-CA158168E860}"
EndProject
Project("{FAE04EC0-301F-11D3-BF4B-00C04F79EFBC}") = "Md3.Avalonia.Gallery.Android", "gallery\Md3.Avalonia.Gallery.Android\Md3.Avalonia.Gallery.Android.csproj", "{E4DFFDDB-03C1-4352-B084-CA158168E861}"
EndProject
Project("{2150E333-8FDC-42A3-9474-1A3956D46DE8}") = "tests", "tests", "{0AB3BF05-4346-4AA6-1389-037BE0695223}"
EndProject
Project("{FAE04EC0-301F-11D3-BF4B-00C04F79EFBC}") = "Md3.Avalonia.HeadlessTests", "tests\Md3.Avalonia.HeadlessTests\Md3.Avalonia.HeadlessTests.csproj", "{CC6188EF-DFE3-4F2D-AAD8-22E78F47319D}"
EndProject
Global
	GlobalSection(SolutionConfigurationPlatforms) = preSolution
		Debug|Any CPU = Debug|Any CPU
		Release|Any CPU = Release|Any CPU
	EndGlobalSection
	GlobalSection(ProjectConfigurationPlatforms) = postSolution
		{0096730E-6FFA-4645-A9D2-2A879409BAA1}.Debug|Any CPU.ActiveCfg = Debug|Any CPU
		{0096730E-6FFA-4645-A9D2-2A879409BAA1}.Debug|Any CPU.Build.0 = Debug|Any CPU
		{0096730E-6FFA-4645-A9D2-2A879409BAA1}.Release|Any CPU.ActiveCfg = Release|Any CPU
		{0096730E-6FFA-4645-A9D2-2A879409BAA1}.Release|Any CPU.Build.0 = Release|Any CPU
		{339728F8-3B14-4550-9303-49C8A73D7DA7}.Debug|Any CPU.ActiveCfg = Debug|Any CPU
		{339728F8-3B14-4550-9303-49C8A73D7DA7}.Debug|Any CPU.Build.0 = Debug|Any CPU
		{339728F8-3B14-4550-9303-49C8A73D7DA7}.Release|Any CPU.ActiveCfg = Release|Any CPU
		{339728F8-3B14-4550-9303-49C8A73D7DA7}.Release|Any CPU.Build.0 = Release|Any CPU
		{779728F8-3B14-4550-9303-49C8A73D7DA8}.Debug|Any CPU.ActiveCfg = Debug|Any CPU
		{779728F8-3B14-4550-9303-49C8A73D7DA8}.Debug|Any CPU.Build.0 = Debug|Any CPU
		{779728F8-3B14-4550-9303-49C8A73D7DA8}.Release|Any CPU.ActiveCfg = Release|Any CPU
		{779728F8-3B14-4550-9303-49C8A73D7DA8}.Release|Any CPU.Build.0 = Release|Any CPU
		{247044DF-FA5C-4AD9-9BB1-86C104C6663D}.Debug|Any CPU.ActiveCfg = Debug|Any CPU
		{247044DF-FA5C-4AD9-9BB1-86C104C6663D}.Debug|Any CPU.Build.0 = Debug|Any CPU
		{247044DF-FA5C-4AD9-9BB1-86C104C6663D}.Release|Any CPU.ActiveCfg = Release|Any CPU
		{247044DF-FA5C-4AD9-9BB1-86C104C6663D}.Release|Any CPU.Build.0 = Release|Any CPU
		{7F2A1C64-9D3E-4B58-A6C1-55D0E8B4F912}.Debug|Any CPU.ActiveCfg = Debug|Any CPU
		{7F2A1C64-9D3E-4B58-A6C1-55D0E8B4F912}.Debug|Any CPU.Build.0 = Debug|Any CPU
		{7F2A1C64-9D3E-4B58-A6C1-55D0E8B4F912}.Release|Any CPU.ActiveCfg = Release|Any CPU
		{7F2A1C64-9D3E-4B58-A6C1-55D0E8B4F912}.Release|Any CPU.Build.0 = Release|Any CPU
		{3C8E7A51-6B24-4D97-9E13-A84F2C60D5B7}.Debug|Any CPU.ActiveCfg = Debug|Any CPU
		{3C8E7A51-6B24-4D97-9E13-A84F2C60D5B7}.Debug|Any CPU.Build.0 = Debug|Any CPU
		{3C8E7A51-6B24-4D97-9E13-A84F2C60D5B7}.Release|Any CPU.ActiveCfg = Release|Any CPU
		{3C8E7A51-6B24-4D97-9E13-A84F2C60D5B7}.Release|Any CPU.Build.0 = Release|Any CPU
		{C2DFFDDB-03C1-4352-B084-CA158168E859}.Debug|Any CPU.ActiveCfg = Debug|Any CPU
		{C2DFFDDB-03C1-4352-B084-CA158168E859}.Debug|Any CPU.Build.0 = Debug|Any CPU
		{C2DFFDDB-03C1-4352-B084-CA158168E859}.Release|Any CPU.ActiveCfg = Release|Any CPU
		{C2DFFDDB-03C1-4352-B084-CA158168E859}.Release|Any CPU.Build.0 = Release|Any CPU
		{D3DFFDDB-03C1-4352-B084-CA158168E860}.Debug|Any CPU.ActiveCfg = Debug|Any CPU
		{D3DFFDDB-03C1-4352-B084-CA158168E860}.Debug|Any CPU.Build.0 = Debug|Any CPU
		{D3DFFDDB-03C1-4352-B084-CA158168E860}.Release|Any CPU.ActiveCfg = Release|Any CPU
		{D3DFFDDB-03C1-4352-B084-CA158168E860}.Release|Any CPU.Build.0 = Release|Any CPU
		{E4DFFDDB-03C1-4352-B084-CA158168E861}.Debug|Any CPU.ActiveCfg = Debug|Any CPU
		{E4DFFDDB-03C1-4352-B084-CA158168E861}.Debug|Any CPU.Build.0 = Debug|Any CPU
		{E4DFFDDB-03C1-4352-B084-CA158168E861}.Debug|Any CPU.Deploy.0 = Debug|Any CPU
		{E4DFFDDB-03C1-4352-B084-CA158168E861}.Release|Any CPU.ActiveCfg = Release|Any CPU
		{E4DFFDDB-03C1-4352-B084-CA158168E861}.Release|Any CPU.Build.0 = Release|Any CPU
		{E4DFFDDB-03C1-4352-B084-CA158168E861}.Release|Any CPU.Deploy.0 = Release|Any CPU
		{CC6188EF-DFE3-4F2D-AAD8-22E78F47319D}.Debug|Any CPU.ActiveCfg = Debug|Any CPU
		{CC6188EF-DFE3-4F2D-AAD8-22E78F47319D}.Debug|Any CPU.Build.0 = Debug|Any CPU
		{CC6188EF-DFE3-4F2D-AAD8-22E78F47319D}.Release|Any CPU.ActiveCfg = Release|Any CPU
		{CC6188EF-DFE3-4F2D-AAD8-22E78F47319D}.Release|Any CPU.Build.0 = Release|Any CPU
	EndGlobalSection
	GlobalSection(SolutionProperties) = preSolution
		HideSolutionNode = FALSE
	EndGlobalSection
	GlobalSection(NestedProjects) = preSolution
		{0096730E-6FFA-4645-A9D2-2A879409BAA1} = {827E0CD3-B72D-47B6-A68D-7590B98EB39B}
		{339728F8-3B14-4550-9303-49C8A73D7DA7} = {827E0CD3-B72D-47B6-A68D-7590B98EB39B}
		{779728F8-3B14-4550-9303-49C8A73D7DA8} = {827E0CD3-B72D-47B6-A68D-7590B98EB39B}
		{247044DF-FA5C-4AD9-9BB1-86C104C6663D} = {827E0CD3-B72D-47B6-A68D-7590B98EB39B}
		{C2DFFDDB-03C1-4352-B084-CA158168E859} = {3DD3B10C-2DE9-B2B9-1F65-9DB874E2084B}
		{D3DFFDDB-03C1-4352-B084-CA158168E860} = {3DD3B10C-2DE9-B2B9-1F65-9DB874E2084B}
		{E4DFFDDB-03C1-4352-B084-CA158168E861} = {3DD3B10C-2DE9-B2B9-1F65-9DB874E2084B}
		{CC6188EF-DFE3-4F2D-AAD8-22E78F47319D} = {0AB3BF05-4346-4AA6-1389-037BE0695223}
	EndGlobalSection
EndGlobal
